
Microsoft Visual Studio Solution File, Format Version 12.00
# Visual Studio Version 16
VisualStudioVersion = 16.0.29609.76
MinimumVisualStudioVersion = 10.0.40219.1
Project("{FAE04EC0-301F-11D3-BF4B-00C04F79EFBC}") = "Metadata_extractor", "Metadata_extractor\Metadata_extractor.csproj", "{13945006-1AF2-4971-9DD5-E93FC4E0983C}"
EndProject
Global
	GlobalSection(SolutionConfigurationPlatforms) = preSolution
		Debug|Any CPU = Debug|Any CPU
		Release|Any CPU = Release|Any CPU
	EndGlobalSection
	GlobalSection(ProjectConfigurationPlatforms) = postSolution
		{13945006-1AF2-4971-9DD5-E93FC4E0983C}.Debug|Any CPU.ActiveCfg = Debug|Any CPU
		{13945006-1AF2-4971-9DD5-E93FC4E0983C}.Debug|Any CPU.Build.0 = Debug|Any CPU
		{13945006-1AF2-4971-9DD5-E93FC4E0983C}.Release|Any CPU.ActiveCfg = Release|Any CPU
		{13945006-1AF2-4971-9DD5-E93FC4E0983C}.Release|Any CPU.Build.0 = Release|Any CPU
	EndGlobalSection
	GlobalSection(SolutionProperties) = preSolution
		HideSolutionNode = FALSE
	EndGlobalSection
	GlobalSection(ExtensibilityGlobals) = postSolution
		SolutionGuid = {0E7B08CC-354F-492C-AF9C-AFE68B846ED0}
	EndGlobalSection
EndGlobal
